
Microsoft Visual Studio Solution File, Format Version 12.00
# Visual Studio Version 17
VisualStudioVersion = 17.0.32126.317
MinimumVisualStudioVersion = 10.0.40219.1
Project("{9A19103F-16F7-4668-BE54-9A1E7A4F7556}") = "ConsoleApp", "ConsoleApp\ConsoleApp.csproj", "{301C5CC5-B6EA-44ED-9EF5-E4B365F7862A}"
EndProject
Project("{9A19103F-16F7-4668-BE54-9A1E7A4F7556}") = "DataAccessLayer", "DataAccessLayer\DataAccessLayer.csproj", "{A9671925-B737-46D7-ADB5-56A85B981C43}"
EndProject
Project("{9A19103F-16F7-4668-BE54-9A1E7A4F7556}") = "BusinessLayer", "BusinessLayer\BusinessLayer.csproj", "{18C98DFC-34ED-40D2-A408-A65E7D040531}"
EndProject
Project("{9A19103F-16F7-4668-BE54-9A1E7A4F7556}") = "Weather.Tests", "Solution1.Tests\Weather.Tests.csproj", "{9840ACBB-D119-49A3-AC81-04782335A165}"
EndProject
Project("{FAE04EC0-301F-11D3-BF4B-00C04F79EFBC}") = "WeatherApi", "WeatherApi\WeatherApi.csproj", "{A6F090CF-A2CF-47AD-B147-7E9D2002E788}"
EndProject
Global
	GlobalSection(SolutionConfigurationPlatforms) = preSolution
		Debug|Any CPU = Debug|Any CPU
		Release|Any CPU = Release|Any CPU
	EndGlobalSection
	GlobalSection(ProjectConfigurationPlatforms) = postSolution
		{301C5CC5-B6EA-44ED-9EF5-E4B365F7862A}.Debug|Any CPU.ActiveCfg = Debug|Any CPU
		{301C5CC5-B6EA-44ED-9EF5-E4B365F7862A}.Debug|Any CPU.Build.0 = Debug|Any CPU
		{301C5CC5-B6EA-44ED-9EF5-E4B365F7862A}.Release|Any CPU.ActiveCfg = Release|Any CPU
		{301C5CC5-B6EA-44ED-9EF5-E4B365F7862A}.Release|Any CPU.Build.0 = Release|Any CPU
		{A9671925-B737-46D7-ADB5-56A85B981C43}.Debug|Any CPU.ActiveCfg = Debug|Any CPU
		{A9671925-B737-46D7-ADB5-56A85B981C43}.Debug|Any CPU.Build.0 = Debug|Any CPU
		{A9671925-B737-46D7-ADB5-56A85B981C43}.Release|Any CPU.ActiveCfg = Release|Any CPU
		{A9671925-B737-46D7-ADB5-56A85B981C43}.Release|Any CPU.Build.0 = Release|Any CPU
		{18C98DFC-34ED-40D2-A408-A65E7D040531}.Debug|Any CPU.ActiveCfg = Debug|Any CPU
		{18C98DFC-34ED-40D2-A408-A65E7D040531}.Debug|Any CPU.Build.0 = Debug|Any CPU
		{18C98DFC-34ED-40D2-A408-A65E7D040531}.Release|Any CPU.ActiveCfg = Release|Any CPU
		{18C98DFC-34ED-40D2-A408-A65E7D040531}.Release|Any CPU.Build.0 = Release|Any CPU
		{9840ACBB-D119-49A3-AC81-04782335A165}.Debug|Any CPU.ActiveCfg = Debug|Any CPU
		{9840ACBB-D119-49A3-AC81-04782335A165}.Debug|Any CPU.Build.0 = Debug|Any CPU
		{9840ACBB-D119-49A3-AC81-04782335A165}.Release|Any CPU.ActiveCfg = Release|Any CPU
		{9840ACBB-D119-49A3-AC81-04782335A165}.Release|Any CPU.Build.0 = Release|Any CPU
		{A6F090CF-A2CF-47AD-B147-7E9D2002E788}.Debug|Any CPU.ActiveCfg = Debug|Any CPU
		{A6F090CF-A2CF-47AD-B147-7E9D2002E788}.Debug|Any CPU.Build.0 = Debug|Any CPU
		{A6F090CF-A2CF-47AD-B147-7E9D2002E788}.Release|Any CPU.ActiveCfg = Release|Any CPU
		{A6F090CF-A2CF-47AD-B147-7E9D2002E788}.Release|Any CPU.Build.0 = Release|Any CPU
	EndGlobalSection
	GlobalSection(SolutionProperties) = preSolution
		HideSolutionNode = FALSE
	EndGlobalSection
	GlobalSection(ExtensibilityGlobals) = postSolution
		SolutionGuid = {369F36AA-A108-4B15-BCE7-F9AF0A511555}
	EndGlobalSection
EndGlobal
